
Microsoft Visual Studio Solution File, Format Version 12.00
# Visual Studio Version 16
VisualStudioVersion = 16.0.31025.194
MinimumVisualStudioVersion = 10.0.40219.1
Project("{FAE04EC0-301F-11D3-BF4B-00C04F79EFBC}") = "NaverMovieFinderApp", "NaverMovieFinderApp\NaverMovieFinderApp.csproj", "{DCD879A3-DD46-4D30-8720-B8E36458B6E2}"
EndProject
Project("{FAE04EC0-301F-11D3-BF4B-00C04F79EFBC}") = "ConsoleNaverMovieFinder", "ConsoleNaverMovieFinder\ConsoleNaverMovieFinder.csproj", "{634226D3-0B95-4415-814A-D3C4073ECFB3}"
EndProject
Global
	GlobalSection(SolutionConfigurationPlatforms) = preSolution
		Debug|Any CPU = Debug|Any CPU
		Release|Any CPU = Release|Any CPU
	EndGlobalSection
	GlobalSection(ProjectConfigurationPlatforms) = postSolution
		{DCD879A3-DD46-4D30-8720-B8E36458B6E2}.Debug|Any CPU.ActiveCfg = Debug|Any CPU
		{DCD879A3-DD46-4D30-8720-B8E36458B6E2}.Debug|Any CPU.Build.0 = Debug|Any CPU
		{DCD879A3-DD46-4D30-8720-B8E36458B6E2}.Release|Any CPU.ActiveCfg = Release|Any CPU
		{DCD879A3-DD46-4D30-8720-B8E36458B6E2}.Release|Any CPU.Build.0 = Release|Any CPU
		{634226D3-0B95-4415-814A-D3C4073ECFB3}.Debug|Any CPU.ActiveCfg = Debug|Any CPU
		{634226D3-0B95-4415-814A-D3C4073ECFB3}.Debug|Any CPU.Build.0 = Debug|Any CPU
		{634226D3-0B95-4415-814A-D3C4073ECFB3}.Release|Any CPU.ActiveCfg = Release|Any CPU
		{634226D3-0B95-4415-814A-D3C4073ECFB3}.Release|Any CPU.Build.0 = Release|Any CPU
	EndGlobalSection
	GlobalSection(SolutionProperties) = preSolution
		HideSolutionNode = FALSE
	EndGlobalSection
	GlobalSection(ExtensibilityGlobals) = postSolution
		SolutionGuid = {B3A739F1-C393-43A6-9088-3AE1A706506D}
	EndGlobalSection
EndGlobal
